
Microsoft Visual Studio Solution File, Format Version 12.00
# Visual Studio Version 16
VisualStudioVersion = 16.0.31424.327
MinimumVisualStudioVersion = 10.0.40219.1
Project("{FAE04EC0-301F-11D3-BF4B-00C04F79EFBC}") = "Limiari", "Limiari.csproj", "{018B38B1-518F-41B2-A549-268A18AAFBE3}"
EndProject
Global
	GlobalSection(SolutionConfigurationPlatforms) = preSolution
		Debug|Any CPU = Debug|Any CPU
		Release|Any CPU = Release|Any CPU
	EndGlobalSection
	GlobalSection(ProjectConfigurationPlatforms) = postSolution
		{018B38B1-518F-41B2-A549-268A18AAFBE3}.Debug|Any CPU.ActiveCfg = Debug|Any CPU
		{018B38B1-518F-41B2-A549-268A18AAFBE3}.Debug|Any CPU.Build.0 = Debug|Any CPU
		{018B38B1-518F-41B2-A549-268A18AAFBE3}.Release|Any CPU.ActiveCfg = Release|Any CPU
		{018B38B1-518F-41B2-A549-268A18AAFBE3}.Release|Any CPU.Build.0 = Release|Any CPU
	EndGlobalSection
	GlobalSection(SolutionProperties) = preSolution
		HideSolutionNode = FALSE
	EndGlobalSection
	GlobalSection(ExtensibilityGlobals) = postSolution
		SolutionGuid = {77DD1BC1-1165-4802-A697-5BEC91FF17C2}
	EndGlobalSection
EndGlobal
